
Microsoft Visual Studio Solution File, Format Version 12.00
# Visual Studio Version 17
VisualStudioVersion = 17.6.33829.357
MinimumVisualStudioVersion = 10.0.40219.1
Project("{FAE04EC0-301F-11D3-BF4B-00C04F79EFBC}") = "Chaser", "Chaser\Chaser.csproj", "{096C1E6A-C996-4DE8-8B1A-523AC1AF3978}"
EndProject
Global
	GlobalSection(SolutionConfigurationPlatforms) = preSolution
		Debug|Any CPU = Debug|Any CPU
		Release|Any CPU = Release|Any CPU
	EndGlobalSection
	GlobalSection(ProjectConfigurationPlatforms) = postSolution
		{096C1E6A-C996-4DE8-8B1A-523AC1AF3978}.Debug|Any CPU.ActiveCfg = Debug|Any CPU
		{096C1E6A-C996-4DE8-8B1A-523AC1AF3978}.Debug|Any CPU.Build.0 = Debug|Any CPU
		{096C1E6A-C996-4DE8-8B1A-523AC1AF3978}.Debug|Any CPU.Deploy.0 = Debug|Any CPU
		{096C1E6A-C996-4DE8-8B1A-523AC1AF3978}.Release|Any CPU.ActiveCfg = Release|Any CPU
		{096C1E6A-C996-4DE8-8B1A-523AC1AF3978}.Release|Any CPU.Build.0 = Release|Any CPU
		{096C1E6A-C996-4DE8-8B1A-523AC1AF3978}.Release|Any CPU.Deploy.0 = Release|Any CPU
	EndGlobalSection
	GlobalSection(SolutionProperties) = preSolution
		HideSolutionNode = FALSE
	EndGlobalSection
	GlobalSection(ExtensibilityGlobals) = postSolution
		SolutionGuid = {D23B2392-0A93-4F6F-94C1-CF943275C214}
	EndGlobalSection
EndGlobal
